
Microsoft Visual Studio Solution File, Format Version 12.00
# Visual Studio Version 16
VisualStudioVersion = 16.0.31702.278
MinimumVisualStudioVersion = 10.0.40219.1
Project("{9A19103F-16F7-4668-BE54-9A1E7A4F7556}") = "BlazorServer", "BlazorServer\BlazorServer.csproj", "{2CE9FE5F-97B8-42C6-A94C-7C969FD0C20A}"
EndProject
Global
	GlobalSection(SolutionConfigurationPlatforms) = preSolution
		Debug|Any CPU = Debug|Any CPU
		Release|Any CPU = Release|Any CPU
	EndGlobalSection
	GlobalSection(ProjectConfigurationPlatforms) = postSolution
		{2CE9FE5F-97B8-42C6-A94C-7C969FD0C20A}.Debug|Any CPU.ActiveCfg = Debug|Any CPU
		{2CE9FE5F-97B8-42C6-A94C-7C969FD0C20A}.Debug|Any CPU.Build.0 = Debug|Any CPU
		{2CE9FE5F-97B8-42C6-A94C-7C969FD0C20A}.Release|Any CPU.ActiveCfg = Release|Any CPU
		{2CE9FE5F-97B8-42C6-A94C-7C969FD0C20A}.Release|Any CPU.Build.0 = Release|Any CPU
	EndGlobalSection
	GlobalSection(SolutionProperties) = preSolution
		HideSolutionNode = FALSE
	EndGlobalSection
	GlobalSection(ExtensibilityGlobals) = postSolution
		SolutionGuid = {E4451AFD-B0DF-4346-A232-17462ED2E727}
	EndGlobalSection
EndGlobal
